
Microsoft Visual Studio Solution File, Format Version 12.00
Project("{FAE04EC0-301F-11D3-BF4B-00C04F79EFBC}") = "MinimalSetGame", "MinimalSetGame\MinimalSetGame.csproj", "{480FA5B8-7724-47CF-86A8-287D02353D26}"
EndProject
Global
	GlobalSection(SolutionConfigurationPlatforms) = preSolution
		Debug|Any CPU = Debug|Any CPU
		Release|Any CPU = Release|Any CPU
	EndGlobalSection
	GlobalSection(ProjectConfigurationPlatforms) = postSolution
		{480FA5B8-7724-47CF-86A8-287D02353D26}.Debug|Any CPU.ActiveCfg = Debug|Any CPU
		{480FA5B8-7724-47CF-86A8-287D02353D26}.Debug|Any CPU.Build.0 = Debug|Any CPU
		{480FA5B8-7724-47CF-86A8-287D02353D26}.Release|Any CPU.ActiveCfg = Release|Any CPU
		{480FA5B8-7724-47CF-86A8-287D02353D26}.Release|Any CPU.Build.0 = Release|Any CPU
	EndGlobalSection
EndGlobal
