
Microsoft Visual Studio Solution File, Format Version 12.00
Project("{FAE04EC0-301F-11D3-BF4B-00C04F79EFBC}") = "MinimalSetGame.Api", "MinimalSetGame.Api\MinimalSetGame.Api.csproj", "{480FA5B8-7724-47CF-86A8-287D02353D26}"
EndProject
Project("{FAE04EC0-301F-11D3-BF4B-00C04F79EFBC}") = "MinimalSetGame.Client", "MinimalSetGame.Client\MinimalSetGame.Client.csproj", "{BD4FFF1C-B94D-4FB8-97D2-9BAE04B98803}"
EndProject
Project("{FAE04EC0-301F-11D3-BF4B-00C04F79EFBC}") = "MinimalSetGame.Contracts", "MinimalSetGame.Contracts\MinimalSetGame.Contracts.csproj", "{7E378C07-EF6F-43F7-864D-F9CCC53F03CC}"
EndProject
Global
	GlobalSection(SolutionConfigurationPlatforms) = preSolution
		Debug|Any CPU = Debug|Any CPU
		Release|Any CPU = Release|Any CPU
	EndGlobalSection
	GlobalSection(ProjectConfigurationPlatforms) = postSolution
		{480FA5B8-7724-47CF-86A8-287D02353D26}.Debug|Any CPU.ActiveCfg = Debug|Any CPU
		{480FA5B8-7724-47CF-86A8-287D02353D26}.Debug|Any CPU.Build.0 = Debug|Any CPU
		{480FA5B8-7724-47CF-86A8-287D02353D26}.Release|Any CPU.ActiveCfg = Release|Any CPU
		{480FA5B8-7724-47CF-86A8-287D02353D26}.Release|Any CPU.Build.0 = Release|Any CPU
		{BD4FFF1C-B94D-4FB8-97D2-9BAE04B98803}.Debug|Any CPU.ActiveCfg = Debug|Any CPU
		{BD4FFF1C-B94D-4FB8-97D2-9BAE04B98803}.Debug|Any CPU.Build.0 = Debug|Any CPU
		{BD4FFF1C-B94D-4FB8-97D2-9BAE04B98803}.Release|Any CPU.ActiveCfg = Release|Any CPU
		{BD4FFF1C-B94D-4FB8-97D2-9BAE04B98803}.Release|Any CPU.Build.0 = Release|Any CPU
		{7E378C07-EF6F-43F7-864D-F9CCC53F03CC}.Debug|Any CPU.ActiveCfg = Debug|Any CPU
		{7E378C07-EF6F-43F7-864D-F9CCC53F03CC}.Debug|Any CPU.Build.0 = Debug|Any CPU
		{7E378C07-EF6F-43F7-864D-F9CCC53F03CC}.Release|Any CPU.ActiveCfg = Release|Any CPU
		{7E378C07-EF6F-43F7-864D-F9CCC53F03CC}.Release|Any CPU.Build.0 = Release|Any CPU
	EndGlobalSection
EndGlobal
